
Microsoft Visual Studio Solution File, Format Version 9.00
# Visual Studio 2005
Project("{8BC9CEB8-8B4A-11D0-8D11-00A0C91BC942}") = "DeviceEmulator", "DeviceEmulator.vcproj", "{5EA90356-2FC8-43B8-98C2-7A2F82F8D1FD}"
	ProjectSection(ProjectDependencies) = postProject
		{D3AB8146-E1B1-4EBE-A16B-6635931DA9BA} = {D3AB8146-E1B1-4EBE-A16B-6635931DA9BA}
		{2EC2D0ED-0B38-4F32-954C-3BE9E87EC4A0} = {2EC2D0ED-0B38-4F32-954C-3BE9E87EC4A0}
		{ABFAB2EC-1287-4254-9638-7C5E151AD9E9} = {ABFAB2EC-1287-4254-9638-7C5E151AD9E9}
		{2A898BB4-AD27-43F6-978A-38E5A25797E6} = {2A898BB4-AD27-43F6-978A-38E5A25797E6}
		{C4F5E57C-5B2E-47B9-B630-A2FC042FE08B} = {C4F5E57C-5B2E-47B9-B630-A2FC042FE08B}
		{AB2E0F73-C018-4A30-A4FE-C0015C98A240} = {AB2E0F73-C018-4A30-A4FE-C0015C98A240}
		{8804A270-BE5B-4FFB-8A51-2B4BFC0D06D6} = {8804A270-BE5B-4FFB-8A51-2B4BFC0D06D6}
	EndProjectSection
EndProject
Project("{8BC9CEB8-8B4A-11D0-8D11-00A0C91BC942}") = "armcpu", "cpus\arm\armcpu.vcproj", "{2A898BB4-AD27-43F6-978A-38E5A25797E6}"
	ProjectSection(ProjectDependencies) = postProject
		{2EC2D0ED-0B38-4F32-954C-3BE9E87EC4A0} = {2EC2D0ED-0B38-4F32-954C-3BE9E87EC4A0}
	EndProjectSection
EndProject
Project("{8BC9CEB8-8B4A-11D0-8D11-00A0C91BC942}") = "DeviceEmulatorUI", "satellite\satellite.vcproj", "{57721148-37FB-4F82-B6CF-88E246C048D6}"
	ProjectSection(ProjectDependencies) = postProject
		{2EC2D0ED-0B38-4F32-954C-3BE9E87EC4A0} = {2EC2D0ED-0B38-4F32-954C-3BE9E87EC4A0}
	EndProjectSection
EndProject
Project("{8BC9CEB8-8B4A-11D0-8D11-00A0C91BC942}") = "smdk2410board", "boards\smdk2410\smdk2410board.vcproj", "{AB2E0F73-C018-4A30-A4FE-C0015C98A240}"
	ProjectSection(ProjectDependencies) = postProject
		{2EC2D0ED-0B38-4F32-954C-3BE9E87EC4A0} = {2EC2D0ED-0B38-4F32-954C-3BE9E87EC4A0}
	EndProjectSection
EndProject
Project("{8BC9CEB8-8B4A-11D0-8D11-00A0C91BC942}") = "skins", "features\skins\skins.vcproj", "{C4F5E57C-5B2E-47B9-B630-A2FC042FE08B}"
	ProjectSection(ProjectDependencies) = postProject
		{2EC2D0ED-0B38-4F32-954C-3BE9E87EC4A0} = {2EC2D0ED-0B38-4F32-954C-3BE9E87EC4A0}
	EndProjectSection
EndProject
Project("{8BC9CEB8-8B4A-11D0-8D11-00A0C91BC942}") = "config", "features\ui\config\config.vcproj", "{ABFAB2EC-1287-4254-9638-7C5E151AD9E9}"
	ProjectSection(ProjectDependencies) = postProject
		{2EC2D0ED-0B38-4F32-954C-3BE9E87EC4A0} = {2EC2D0ED-0B38-4F32-954C-3BE9E87EC4A0}
	EndProjectSection
EndProject
Project("{8BC9CEB8-8B4A-11D0-8D11-00A0C91BC942}") = "zlib", "features\zlib.vcproj", "{D3AB8146-E1B1-4EBE-A16B-6635931DA9BA}"
EndProject
Project("{8BC9CEB8-8B4A-11D0-8D11-00A0C91BC942}") = "libpng", "features\libpng.vcproj", "{8804A270-BE5B-4FFB-8A51-2B4BFC0D06D6}"
EndProject
Project("{8BC9CEB8-8B4A-11D0-8D11-00A0C91BC942}") = "include", "include\include.vcproj", "{2EC2D0ED-0B38-4F32-954C-3BE9E87EC4A0}"
EndProject
Global
	GlobalSection(SolutionConfigurationPlatforms) = preSolution
		Debug|Win32 = Debug|Win32
		Release|Win32 = Release|Win32
	EndGlobalSection
	GlobalSection(ProjectConfigurationPlatforms) = postSolution
		{5EA90356-2FC8-43B8-98C2-7A2F82F8D1FD}.Debug|Win32.ActiveCfg = Debug|Win32
		{5EA90356-2FC8-43B8-98C2-7A2F82F8D1FD}.Debug|Win32.Build.0 = Debug|Win32
		{5EA90356-2FC8-43B8-98C2-7A2F82F8D1FD}.Release|Win32.ActiveCfg = Release|Win32
		{5EA90356-2FC8-43B8-98C2-7A2F82F8D1FD}.Release|Win32.Build.0 = Release|Win32
		{2A898BB4-AD27-43F6-978A-38E5A25797E6}.Debug|Win32.ActiveCfg = Debug|Win32
		{2A898BB4-AD27-43F6-978A-38E5A25797E6}.Debug|Win32.Build.0 = Debug|Win32
		{2A898BB4-AD27-43F6-978A-38E5A25797E6}.Release|Win32.ActiveCfg = Release|Win32
		{2A898BB4-AD27-43F6-978A-38E5A25797E6}.Release|Win32.Build.0 = Release|Win32
		{57721148-37FB-4F82-B6CF-88E246C048D6}.Debug|Win32.ActiveCfg = Debug|Win32
		{57721148-37FB-4F82-B6CF-88E246C048D6}.Debug|Win32.Build.0 = Debug|Win32
		{57721148-37FB-4F82-B6CF-88E246C048D6}.Release|Win32.ActiveCfg = Release|Win32
		{57721148-37FB-4F82-B6CF-88E246C048D6}.Release|Win32.Build.0 = Release|Win32
		{AB2E0F73-C018-4A30-A4FE-C0015C98A240}.Debug|Win32.ActiveCfg = Debug|Win32
		{AB2E0F73-C018-4A30-A4FE-C0015C98A240}.Debug|Win32.Build.0 = Debug|Win32
		{AB2E0F73-C018-4A30-A4FE-C0015C98A240}.Release|Win32.ActiveCfg = Release|Win32
		{AB2E0F73-C018-4A30-A4FE-C0015C98A240}.Release|Win32.Build.0 = Release|Win32
		{C4F5E57C-5B2E-47B9-B630-A2FC042FE08B}.Debug|Win32.ActiveCfg = Debug|Win32
		{C4F5E57C-5B2E-47B9-B630-A2FC042FE08B}.Debug|Win32.Build.0 = Debug|Win32
		{C4F5E57C-5B2E-47B9-B630-A2FC042FE08B}.Release|Win32.ActiveCfg = Release|Win32
		{C4F5E57C-5B2E-47B9-B630-A2FC042FE08B}.Release|Win32.Build.0 = Release|Win32
		{ABFAB2EC-1287-4254-9638-7C5E151AD9E9}.Debug|Win32.ActiveCfg = Debug|Win32
		{ABFAB2EC-1287-4254-9638-7C5E151AD9E9}.Debug|Win32.Build.0 = Debug|Win32
		{ABFAB2EC-1287-4254-9638-7C5E151AD9E9}.Release|Win32.ActiveCfg = Release|Win32
		{ABFAB2EC-1287-4254-9638-7C5E151AD9E9}.Release|Win32.Build.0 = Release|Win32
		{D3AB8146-E1B1-4EBE-A16B-6635931DA9BA}.Debug|Win32.ActiveCfg = Debug|Win32
		{D3AB8146-E1B1-4EBE-A16B-6635931DA9BA}.Debug|Win32.Build.0 = Debug|Win32
		{D3AB8146-E1B1-4EBE-A16B-6635931DA9BA}.Release|Win32.ActiveCfg = Release|Win32
		{D3AB8146-E1B1-4EBE-A16B-6635931DA9BA}.Release|Win32.Build.0 = Release|Win32
		{8804A270-BE5B-4FFB-8A51-2B4BFC0D06D6}.Debug|Win32.ActiveCfg = Debug|Win32
		{8804A270-BE5B-4FFB-8A51-2B4BFC0D06D6}.Debug|Win32.Build.0 = Debug|Win32
		{8804A270-BE5B-4FFB-8A51-2B4BFC0D06D6}.Release|Win32.ActiveCfg = Release|Win32
		{8804A270-BE5B-4FFB-8A51-2B4BFC0D06D6}.Release|Win32.Build.0 = Release|Win32
		{2EC2D0ED-0B38-4F32-954C-3BE9E87EC4A0}.Debug|Win32.ActiveCfg = Debug|Win32
		{2EC2D0ED-0B38-4F32-954C-3BE9E87EC4A0}.Debug|Win32.Build.0 = Debug|Win32
		{2EC2D0ED-0B38-4F32-954C-3BE9E87EC4A0}.Release|Win32.ActiveCfg = Release|Win32
		{2EC2D0ED-0B38-4F32-954C-3BE9E87EC4A0}.Release|Win32.Build.0 = Release|Win32
	EndGlobalSection
	GlobalSection(SolutionProperties) = preSolution
		HideSolutionNode = FALSE
	EndGlobalSection
EndGlobal
